
Microsoft Visual Studio Solution File, Format Version 12.00
# Visual Studio Version 17
VisualStudioVersion = 17.3.32811.315
MinimumVisualStudioVersion = 10.0.40219.1
Project("{FAE04EC0-301F-11D3-BF4B-00C04F79EFBC}") = "ex- backgroupworker", "ex- backgroupworker.csproj", "{77A45B86-45DD-4376-B9E1-0EC03BD07C43}"
EndProject
Global
	GlobalSection(SolutionConfigurationPlatforms) = preSolution
		Debug|Any CPU = Debug|Any CPU
		Release|Any CPU = Release|Any CPU
	EndGlobalSection
	GlobalSection(ProjectConfigurationPlatforms) = postSolution
		{77A45B86-45DD-4376-B9E1-0EC03BD07C43}.Debug|Any CPU.ActiveCfg = Debug|Any CPU
		{77A45B86-45DD-4376-B9E1-0EC03BD07C43}.Debug|Any CPU.Build.0 = Debug|Any CPU
		{77A45B86-45DD-4376-B9E1-0EC03BD07C43}.Release|Any CPU.ActiveCfg = Release|Any CPU
		{77A45B86-45DD-4376-B9E1-0EC03BD07C43}.Release|Any CPU.Build.0 = Release|Any CPU
	EndGlobalSection
	GlobalSection(SolutionProperties) = preSolution
		HideSolutionNode = FALSE
	EndGlobalSection
	GlobalSection(ExtensibilityGlobals) = postSolution
		SolutionGuid = {335FD29B-6E0C-4D80-9823-FDAE114F8F2A}
	EndGlobalSection
EndGlobal
