
Microsoft Visual Studio Solution File, Format Version 12.00
# Visual Studio Version 17
VisualStudioVersion = 17.3.32811.315
MinimumVisualStudioVersion = 10.0.40219.1
Project("{FAE04EC0-301F-11D3-BF4B-00C04F79EFBC}") = "Slide8-ex2", "Slide8-ex2.csproj", "{A338A08D-59C7-472F-9DD7-CA1C293809EC}"
EndProject
Global
	GlobalSection(SolutionConfigurationPlatforms) = preSolution
		Debug|Any CPU = Debug|Any CPU
		Release|Any CPU = Release|Any CPU
	EndGlobalSection
	GlobalSection(ProjectConfigurationPlatforms) = postSolution
		{A338A08D-59C7-472F-9DD7-CA1C293809EC}.Debug|Any CPU.ActiveCfg = Debug|Any CPU
		{A338A08D-59C7-472F-9DD7-CA1C293809EC}.Debug|Any CPU.Build.0 = Debug|Any CPU
		{A338A08D-59C7-472F-9DD7-CA1C293809EC}.Release|Any CPU.ActiveCfg = Release|Any CPU
		{A338A08D-59C7-472F-9DD7-CA1C293809EC}.Release|Any CPU.Build.0 = Release|Any CPU
	EndGlobalSection
	GlobalSection(SolutionProperties) = preSolution
		HideSolutionNode = FALSE
	EndGlobalSection
	GlobalSection(ExtensibilityGlobals) = postSolution
		SolutionGuid = {78969D88-C8A7-4BE4-A90B-1730EC2D0C29}
	EndGlobalSection
EndGlobal
