
Microsoft Visual Studio Solution File, Format Version 12.00
# Visual Studio Version 17
VisualStudioVersion = 17.3.32811.315
MinimumVisualStudioVersion = 10.0.40219.1
Project("{FAE04EC0-301F-11D3-BF4B-00C04F79EFBC}") = "Lesson19-Dic", "Lesson19-Dic.csproj", "{E94D2F13-AEE1-42F8-8F77-A6BC4D9424FD}"
EndProject
Global
	GlobalSection(SolutionConfigurationPlatforms) = preSolution
		Debug|Any CPU = Debug|Any CPU
		Release|Any CPU = Release|Any CPU
	EndGlobalSection
	GlobalSection(ProjectConfigurationPlatforms) = postSolution
		{E94D2F13-AEE1-42F8-8F77-A6BC4D9424FD}.Debug|Any CPU.ActiveCfg = Debug|Any CPU
		{E94D2F13-AEE1-42F8-8F77-A6BC4D9424FD}.Debug|Any CPU.Build.0 = Debug|Any CPU
		{E94D2F13-AEE1-42F8-8F77-A6BC4D9424FD}.Release|Any CPU.ActiveCfg = Release|Any CPU
		{E94D2F13-AEE1-42F8-8F77-A6BC4D9424FD}.Release|Any CPU.Build.0 = Release|Any CPU
	EndGlobalSection
	GlobalSection(SolutionProperties) = preSolution
		HideSolutionNode = FALSE
	EndGlobalSection
	GlobalSection(ExtensibilityGlobals) = postSolution
		SolutionGuid = {D4576541-799B-407F-99EF-2B0D0B6935DF}
	EndGlobalSection
EndGlobal
