
Microsoft Visual Studio Solution File, Format Version 12.00
# Visual Studio Version 17
VisualStudioVersion = 17.3.32811.315
MinimumVisualStudioVersion = 10.0.40219.1
Project("{FAE04EC0-301F-11D3-BF4B-00C04F79EFBC}") = "Lesson2", "Lesson2.csproj", "{BEBDEDBB-8312-4BFC-9327-78839BD559E5}"
EndProject
Project("{FAE04EC0-301F-11D3-BF4B-00C04F79EFBC}") = "lesson2.1", "..\lesson2.1\lesson2.1.csproj", "{CBE96846-DA0D-40F6-9010-FE92183D1AFB}"
EndProject
Project("{FAE04EC0-301F-11D3-BF4B-00C04F79EFBC}") = "lesson2.2", "..\lesson2.2\lesson2.2.csproj", "{BCC87A0D-0379-480F-8CB9-1A84FDF12523}"
EndProject
Project("{FAE04EC0-301F-11D3-BF4B-00C04F79EFBC}") = "lesson2.3", "..\lesson2.3\lesson2.3.csproj", "{C481B5E2-09A3-470E-BB76-9BE9326EAFD4}"
EndProject
Global
	GlobalSection(SolutionConfigurationPlatforms) = preSolution
		Debug|Any CPU = Debug|Any CPU
		Release|Any CPU = Release|Any CPU
	EndGlobalSection
	GlobalSection(ProjectConfigurationPlatforms) = postSolution
		{BEBDEDBB-8312-4BFC-9327-78839BD559E5}.Debug|Any CPU.ActiveCfg = Debug|Any CPU
		{BEBDEDBB-8312-4BFC-9327-78839BD559E5}.Debug|Any CPU.Build.0 = Debug|Any CPU
		{BEBDEDBB-8312-4BFC-9327-78839BD559E5}.Release|Any CPU.ActiveCfg = Release|Any CPU
		{BEBDEDBB-8312-4BFC-9327-78839BD559E5}.Release|Any CPU.Build.0 = Release|Any CPU
		{CBE96846-DA0D-40F6-9010-FE92183D1AFB}.Debug|Any CPU.ActiveCfg = Debug|Any CPU
		{CBE96846-DA0D-40F6-9010-FE92183D1AFB}.Debug|Any CPU.Build.0 = Debug|Any CPU
		{CBE96846-DA0D-40F6-9010-FE92183D1AFB}.Release|Any CPU.ActiveCfg = Release|Any CPU
		{CBE96846-DA0D-40F6-9010-FE92183D1AFB}.Release|Any CPU.Build.0 = Release|Any CPU
		{BCC87A0D-0379-480F-8CB9-1A84FDF12523}.Debug|Any CPU.ActiveCfg = Debug|Any CPU
		{BCC87A0D-0379-480F-8CB9-1A84FDF12523}.Debug|Any CPU.Build.0 = Debug|Any CPU
		{BCC87A0D-0379-480F-8CB9-1A84FDF12523}.Release|Any CPU.ActiveCfg = Release|Any CPU
		{BCC87A0D-0379-480F-8CB9-1A84FDF12523}.Release|Any CPU.Build.0 = Release|Any CPU
		{C481B5E2-09A3-470E-BB76-9BE9326EAFD4}.Debug|Any CPU.ActiveCfg = Debug|Any CPU
		{C481B5E2-09A3-470E-BB76-9BE9326EAFD4}.Debug|Any CPU.Build.0 = Debug|Any CPU
		{C481B5E2-09A3-470E-BB76-9BE9326EAFD4}.Release|Any CPU.ActiveCfg = Release|Any CPU
		{C481B5E2-09A3-470E-BB76-9BE9326EAFD4}.Release|Any CPU.Build.0 = Release|Any CPU
	EndGlobalSection
	GlobalSection(SolutionProperties) = preSolution
		HideSolutionNode = FALSE
	EndGlobalSection
	GlobalSection(ExtensibilityGlobals) = postSolution
		SolutionGuid = {20ECD759-097D-4F73-80A7-97567CFC7B49}
	EndGlobalSection
EndGlobal
