
Microsoft Visual Studio Solution File, Format Version 12.00
# Visual Studio Version 17
VisualStudioVersion = 17.4.33205.214
MinimumVisualStudioVersion = 10.0.40219.1
Project("{FAE04EC0-301F-11D3-BF4B-00C04F79EFBC}") = "Slide21-folderBrowserDialog", "Slide21-folderBrowserDialog.csproj", "{7F1219B9-B9C5-433E-A8B7-912052FF09BC}"
EndProject
Global
	GlobalSection(SolutionConfigurationPlatforms) = preSolution
		Debug|Any CPU = Debug|Any CPU
		Release|Any CPU = Release|Any CPU
	EndGlobalSection
	GlobalSection(ProjectConfigurationPlatforms) = postSolution
		{7F1219B9-B9C5-433E-A8B7-912052FF09BC}.Debug|Any CPU.ActiveCfg = Debug|Any CPU
		{7F1219B9-B9C5-433E-A8B7-912052FF09BC}.Debug|Any CPU.Build.0 = Debug|Any CPU
		{7F1219B9-B9C5-433E-A8B7-912052FF09BC}.Release|Any CPU.ActiveCfg = Release|Any CPU
		{7F1219B9-B9C5-433E-A8B7-912052FF09BC}.Release|Any CPU.Build.0 = Release|Any CPU
	EndGlobalSection
	GlobalSection(SolutionProperties) = preSolution
		HideSolutionNode = FALSE
	EndGlobalSection
	GlobalSection(ExtensibilityGlobals) = postSolution
		SolutionGuid = {A2D7B6B2-43C4-44EF-ADE0-B7CC5FCC03E4}
	EndGlobalSection
EndGlobal
