
Microsoft Visual Studio Solution File, Format Version 12.00
# Visual Studio Version 17
VisualStudioVersion = 17.3.32811.315
MinimumVisualStudioVersion = 10.0.40219.1
Project("{FAE04EC0-301F-11D3-BF4B-00C04F79EFBC}") = "lesson3", "lesson3.csproj", "{909536F6-E4B4-4B51-A5DB-D34D55BF1FC1}"
EndProject
Project("{FAE04EC0-301F-11D3-BF4B-00C04F79EFBC}") = "lesson3.2", "..\lesson3.2\lesson3.2.csproj", "{EC1CA860-2B96-411E-9096-1A0C4FA4FAAC}"
EndProject
Project("{FAE04EC0-301F-11D3-BF4B-00C04F79EFBC}") = "lesson3.3", "..\lesson3.3\lesson3.3.csproj", "{BB6A8A12-800D-4561-A79E-AE20940A9918}"
EndProject
Global
	GlobalSection(SolutionConfigurationPlatforms) = preSolution
		Debug|Any CPU = Debug|Any CPU
		Release|Any CPU = Release|Any CPU
	EndGlobalSection
	GlobalSection(ProjectConfigurationPlatforms) = postSolution
		{909536F6-E4B4-4B51-A5DB-D34D55BF1FC1}.Debug|Any CPU.ActiveCfg = Debug|Any CPU
		{909536F6-E4B4-4B51-A5DB-D34D55BF1FC1}.Debug|Any CPU.Build.0 = Debug|Any CPU
		{909536F6-E4B4-4B51-A5DB-D34D55BF1FC1}.Release|Any CPU.ActiveCfg = Release|Any CPU
		{909536F6-E4B4-4B51-A5DB-D34D55BF1FC1}.Release|Any CPU.Build.0 = Release|Any CPU
		{EC1CA860-2B96-411E-9096-1A0C4FA4FAAC}.Debug|Any CPU.ActiveCfg = Debug|Any CPU
		{EC1CA860-2B96-411E-9096-1A0C4FA4FAAC}.Debug|Any CPU.Build.0 = Debug|Any CPU
		{EC1CA860-2B96-411E-9096-1A0C4FA4FAAC}.Release|Any CPU.ActiveCfg = Release|Any CPU
		{EC1CA860-2B96-411E-9096-1A0C4FA4FAAC}.Release|Any CPU.Build.0 = Release|Any CPU
		{BB6A8A12-800D-4561-A79E-AE20940A9918}.Debug|Any CPU.ActiveCfg = Debug|Any CPU
		{BB6A8A12-800D-4561-A79E-AE20940A9918}.Debug|Any CPU.Build.0 = Debug|Any CPU
		{BB6A8A12-800D-4561-A79E-AE20940A9918}.Release|Any CPU.ActiveCfg = Release|Any CPU
		{BB6A8A12-800D-4561-A79E-AE20940A9918}.Release|Any CPU.Build.0 = Release|Any CPU
	EndGlobalSection
	GlobalSection(SolutionProperties) = preSolution
		HideSolutionNode = FALSE
	EndGlobalSection
	GlobalSection(ExtensibilityGlobals) = postSolution
		SolutionGuid = {03399A87-181D-4D8E-AAAB-60DFA07C43C6}
	EndGlobalSection
EndGlobal
