
Microsoft Visual Studio Solution File, Format Version 12.00
# Visual Studio Version 17
VisualStudioVersion = 17.3.32811.315
MinimumVisualStudioVersion = 10.0.40219.1
Project("{FAE04EC0-301F-11D3-BF4B-00C04F79EFBC}") = "WF-ex7-tinhtong", "WF-ex7-tinhtong.csproj", "{16FBE342-2504-47A3-A1A3-F27EFD939917}"
EndProject
Global
	GlobalSection(SolutionConfigurationPlatforms) = preSolution
		Debug|Any CPU = Debug|Any CPU
		Release|Any CPU = Release|Any CPU
	EndGlobalSection
	GlobalSection(ProjectConfigurationPlatforms) = postSolution
		{16FBE342-2504-47A3-A1A3-F27EFD939917}.Debug|Any CPU.ActiveCfg = Debug|Any CPU
		{16FBE342-2504-47A3-A1A3-F27EFD939917}.Debug|Any CPU.Build.0 = Debug|Any CPU
		{16FBE342-2504-47A3-A1A3-F27EFD939917}.Release|Any CPU.ActiveCfg = Release|Any CPU
		{16FBE342-2504-47A3-A1A3-F27EFD939917}.Release|Any CPU.Build.0 = Release|Any CPU
	EndGlobalSection
	GlobalSection(SolutionProperties) = preSolution
		HideSolutionNode = FALSE
	EndGlobalSection
	GlobalSection(ExtensibilityGlobals) = postSolution
		SolutionGuid = {89CC737D-353E-4935-8ECC-0919A1184B66}
	EndGlobalSection
EndGlobal
