
Microsoft Visual Studio Solution File, Format Version 12.00
# Visual Studio Version 17
VisualStudioVersion = 17.3.32811.315
MinimumVisualStudioVersion = 10.0.40219.1
Project("{FAE04EC0-301F-11D3-BF4B-00C04F79EFBC}") = "lesson5.1", "lesson5.1.csproj", "{90D7414F-0D47-41C3-A23F-1E086B85DEBF}"
EndProject
Global
	GlobalSection(SolutionConfigurationPlatforms) = preSolution
		Debug|Any CPU = Debug|Any CPU
		Release|Any CPU = Release|Any CPU
	EndGlobalSection
	GlobalSection(ProjectConfigurationPlatforms) = postSolution
		{90D7414F-0D47-41C3-A23F-1E086B85DEBF}.Debug|Any CPU.ActiveCfg = Debug|Any CPU
		{90D7414F-0D47-41C3-A23F-1E086B85DEBF}.Debug|Any CPU.Build.0 = Debug|Any CPU
		{90D7414F-0D47-41C3-A23F-1E086B85DEBF}.Release|Any CPU.ActiveCfg = Release|Any CPU
		{90D7414F-0D47-41C3-A23F-1E086B85DEBF}.Release|Any CPU.Build.0 = Release|Any CPU
	EndGlobalSection
	GlobalSection(SolutionProperties) = preSolution
		HideSolutionNode = FALSE
	EndGlobalSection
	GlobalSection(ExtensibilityGlobals) = postSolution
		SolutionGuid = {C28A112A-985B-4474-B8EE-865B7603EFD7}
	EndGlobalSection
EndGlobal
