
Microsoft Visual Studio Solution File, Format Version 12.00
# Visual Studio Version 17
VisualStudioVersion = 17.3.32811.315
MinimumVisualStudioVersion = 10.0.40219.1
Project("{FAE04EC0-301F-11D3-BF4B-00C04F79EFBC}") = "Slide12-MDIForm", "Slide12-MDIForm.csproj", "{66B02C7F-5900-4BAF-86B4-442822100F2F}"
EndProject
Global
	GlobalSection(SolutionConfigurationPlatforms) = preSolution
		Debug|Any CPU = Debug|Any CPU
		Release|Any CPU = Release|Any CPU
	EndGlobalSection
	GlobalSection(ProjectConfigurationPlatforms) = postSolution
		{66B02C7F-5900-4BAF-86B4-442822100F2F}.Debug|Any CPU.ActiveCfg = Debug|Any CPU
		{66B02C7F-5900-4BAF-86B4-442822100F2F}.Debug|Any CPU.Build.0 = Debug|Any CPU
		{66B02C7F-5900-4BAF-86B4-442822100F2F}.Release|Any CPU.ActiveCfg = Release|Any CPU
		{66B02C7F-5900-4BAF-86B4-442822100F2F}.Release|Any CPU.Build.0 = Release|Any CPU
	EndGlobalSection
	GlobalSection(SolutionProperties) = preSolution
		HideSolutionNode = FALSE
	EndGlobalSection
	GlobalSection(ExtensibilityGlobals) = postSolution
		SolutionGuid = {895AB0DE-0B70-4E67-BBC3-3ACF907169F6}
	EndGlobalSection
EndGlobal
