
Microsoft Visual Studio Solution File, Format Version 12.00
# Visual Studio Version 17
VisualStudioVersion = 17.3.32811.315
MinimumVisualStudioVersion = 10.0.40219.1
Project("{FAE04EC0-301F-11D3-BF4B-00C04F79EFBC}") = "Lesson9", "Lesson9.csproj", "{82F01D3D-8A0A-40C6-AD95-6CA224944767}"
EndProject
Project("{FAE04EC0-301F-11D3-BF4B-00C04F79EFBC}") = "Lesson9-1", "..\Lesson9-1\Lesson9-1.csproj", "{0B2640EC-98A1-4D78-AEA0-ABBC9D0EEB61}"
EndProject
Project("{FAE04EC0-301F-11D3-BF4B-00C04F79EFBC}") = "Lesson9-2", "..\Lesson9-2\Lesson9-2.csproj", "{8833AB3B-05F3-4AFF-A4BF-1EC448D10BA0}"
EndProject
Global
	GlobalSection(SolutionConfigurationPlatforms) = preSolution
		Debug|Any CPU = Debug|Any CPU
		Release|Any CPU = Release|Any CPU
	EndGlobalSection
	GlobalSection(ProjectConfigurationPlatforms) = postSolution
		{82F01D3D-8A0A-40C6-AD95-6CA224944767}.Debug|Any CPU.ActiveCfg = Debug|Any CPU
		{82F01D3D-8A0A-40C6-AD95-6CA224944767}.Debug|Any CPU.Build.0 = Debug|Any CPU
		{82F01D3D-8A0A-40C6-AD95-6CA224944767}.Release|Any CPU.ActiveCfg = Release|Any CPU
		{82F01D3D-8A0A-40C6-AD95-6CA224944767}.Release|Any CPU.Build.0 = Release|Any CPU
		{0B2640EC-98A1-4D78-AEA0-ABBC9D0EEB61}.Debug|Any CPU.ActiveCfg = Debug|Any CPU
		{0B2640EC-98A1-4D78-AEA0-ABBC9D0EEB61}.Debug|Any CPU.Build.0 = Debug|Any CPU
		{0B2640EC-98A1-4D78-AEA0-ABBC9D0EEB61}.Release|Any CPU.ActiveCfg = Release|Any CPU
		{0B2640EC-98A1-4D78-AEA0-ABBC9D0EEB61}.Release|Any CPU.Build.0 = Release|Any CPU
		{8833AB3B-05F3-4AFF-A4BF-1EC448D10BA0}.Debug|Any CPU.ActiveCfg = Debug|Any CPU
		{8833AB3B-05F3-4AFF-A4BF-1EC448D10BA0}.Debug|Any CPU.Build.0 = Debug|Any CPU
		{8833AB3B-05F3-4AFF-A4BF-1EC448D10BA0}.Release|Any CPU.ActiveCfg = Release|Any CPU
		{8833AB3B-05F3-4AFF-A4BF-1EC448D10BA0}.Release|Any CPU.Build.0 = Release|Any CPU
	EndGlobalSection
	GlobalSection(SolutionProperties) = preSolution
		HideSolutionNode = FALSE
	EndGlobalSection
	GlobalSection(ExtensibilityGlobals) = postSolution
		SolutionGuid = {FDDA9DD6-5D64-4179-A19B-415EDCAA0B2F}
	EndGlobalSection
EndGlobal
