
Microsoft Visual Studio Solution File, Format Version 12.00
# Visual Studio Version 17
VisualStudioVersion = 17.3.32811.315
MinimumVisualStudioVersion = 10.0.40219.1
Project("{FAE04EC0-301F-11D3-BF4B-00C04F79EFBC}") = "Lesson15-7-ex23", "Lesson15-7-ex23.csproj", "{80D707B7-48ED-4FB9-AE70-82A9272CD945}"
EndProject
Global
	GlobalSection(SolutionConfigurationPlatforms) = preSolution
		Debug|Any CPU = Debug|Any CPU
		Release|Any CPU = Release|Any CPU
	EndGlobalSection
	GlobalSection(ProjectConfigurationPlatforms) = postSolution
		{80D707B7-48ED-4FB9-AE70-82A9272CD945}.Debug|Any CPU.ActiveCfg = Debug|Any CPU
		{80D707B7-48ED-4FB9-AE70-82A9272CD945}.Debug|Any CPU.Build.0 = Debug|Any CPU
		{80D707B7-48ED-4FB9-AE70-82A9272CD945}.Release|Any CPU.ActiveCfg = Release|Any CPU
		{80D707B7-48ED-4FB9-AE70-82A9272CD945}.Release|Any CPU.Build.0 = Release|Any CPU
	EndGlobalSection
	GlobalSection(SolutionProperties) = preSolution
		HideSolutionNode = FALSE
	EndGlobalSection
	GlobalSection(ExtensibilityGlobals) = postSolution
		SolutionGuid = {A6BBC9BA-3885-44F2-AD5D-CC45D1A28FF2}
	EndGlobalSection
EndGlobal
