
Microsoft Visual Studio Solution File, Format Version 12.00
# Visual Studio Version 17
VisualStudioVersion = 17.3.32811.315
MinimumVisualStudioVersion = 10.0.40219.1
Project("{FAE04EC0-301F-11D3-BF4B-00C04F79EFBC}") = "Lesson15-3-ex19", "Lesson15-3-ex19.csproj", "{1A033896-6B9C-4162-9DA2-705334C4B439}"
EndProject
Global
	GlobalSection(SolutionConfigurationPlatforms) = preSolution
		Debug|Any CPU = Debug|Any CPU
		Release|Any CPU = Release|Any CPU
	EndGlobalSection
	GlobalSection(ProjectConfigurationPlatforms) = postSolution
		{1A033896-6B9C-4162-9DA2-705334C4B439}.Debug|Any CPU.ActiveCfg = Debug|Any CPU
		{1A033896-6B9C-4162-9DA2-705334C4B439}.Debug|Any CPU.Build.0 = Debug|Any CPU
		{1A033896-6B9C-4162-9DA2-705334C4B439}.Release|Any CPU.ActiveCfg = Release|Any CPU
		{1A033896-6B9C-4162-9DA2-705334C4B439}.Release|Any CPU.Build.0 = Release|Any CPU
	EndGlobalSection
	GlobalSection(SolutionProperties) = preSolution
		HideSolutionNode = FALSE
	EndGlobalSection
	GlobalSection(ExtensibilityGlobals) = postSolution
		SolutionGuid = {F58A150E-D98B-4819-B2F1-6FBDCDEA0BBC}
	EndGlobalSection
EndGlobal
